
Microsoft Visual Studio Solution File, Format Version 12.00
# Visual Studio Version 18
VisualStudioVersion = 18.5.11723.231 stable
MinimumVisualStudioVersion = 10.0.40219.1
Project("{FAE04EC0-301F-11D3-BF4B-00C04F79EFBC}") = "C4Challenge", "C4Challenge.csproj", "{74CB5581-8EC8-5DBC-5992-B4F819627A82}"
EndProject
Global
	GlobalSection(SolutionConfigurationPlatforms) = preSolution
		Debug|Any CPU = Debug|Any CPU
		Release|Any CPU = Release|Any CPU
	EndGlobalSection
	GlobalSection(ProjectConfigurationPlatforms) = postSolution
		{74CB5581-8EC8-5DBC-5992-B4F819627A82}.Debug|Any CPU.ActiveCfg = Debug|Any CPU
		{74CB5581-8EC8-5DBC-5992-B4F819627A82}.Debug|Any CPU.Build.0 = Debug|Any CPU
		{74CB5581-8EC8-5DBC-5992-B4F819627A82}.Release|Any CPU.ActiveCfg = Release|Any CPU
		{74CB5581-8EC8-5DBC-5992-B4F819627A82}.Release|Any CPU.Build.0 = Release|Any CPU
	EndGlobalSection
	GlobalSection(SolutionProperties) = preSolution
		HideSolutionNode = FALSE
	EndGlobalSection
	GlobalSection(ExtensibilityGlobals) = postSolution
		SolutionGuid = {E3C17F5A-F274-4FDE-8733-D68D7C3D6F90}
	EndGlobalSection
EndGlobal
